// !$*UTF8*$!
{
	archiveVersion = 1;
	classes = {
	};
	objectVersion = 46;
	objects = {

/* Begin PBXBuildFile section */
		0490BEC31F07995E00498CFE /* main.m in Sources */ = {isa = PBXBuildFile; fileRef = 0490BEC21F07995E00498CFE /* main.m */; };
		0490BEC61F07995E00498CFE /* AppDelegate.m in Sources */ = {isa = PBXBuildFile; fileRef = 0490BEC51F07995E00498CFE /* AppDelegate.m */; };
		0490BEC91F07995E00498CFE /* ViewController.m in Sources */ = {isa = PBXBuildFile; fileRef = 0490BEC81F07995E00498CFE /* ViewController.m */; };
		0490BECC1F07995E00498CFE /* Main.storyboard in Resources */ = {isa = PBXBuildFile; fileRef = 0490BECA1F07995E00498CFE /* Main.storyboard */; };
		0490BECE1F07995E00498CFE /* Assets.xcassets in Resources */ = {isa = PBXBuildFile; fileRef = 0490BECD1F07995E00498CFE /* Assets.xcassets */; };
		0490BED11F07995E00498CFE /* LaunchScreen.storyboard in Resources */ = {isa = PBXBuildFile; fileRef = 0490BECF1F07995E00498CFE /* LaunchScreen.storyboard */; };
		0490BEE71F07A21900498CFE /* ESPhotoManager.m in Sources */ = {isa = PBXBuildFile; fileRef = 0490BEE61F07A21900498CFE /* ESPhotoManager.m */; };
		0490BEEB1F07A26600498CFE /* ESPHAssetInfoModel.m in Sources */ = {isa = PBXBuildFile; fileRef = 0490BEEA1F07A26600498CFE /* ESPHAssetInfoModel.m */; };
		0490BEF11F07A7E000498CFE /* ESPHAssetImageManager.m in Sources */ = {isa = PBXBuildFile; fileRef = 0490BEF01F07A7E000498CFE /* ESPHAssetImageManager.m */; };
		0490BEF41F07A91200498CFE /* UIImageViewPHAssetModel.m in Sources */ = {isa = PBXBuildFile; fileRef = 0490BEF31F07A91200498CFE /* UIImageViewPHAssetModel.m */; };
		0490BEFC1F07E48300498CFE /* ESAsset.m in Sources */ = {isa = PBXBuildFile; fileRef = 0490BEFB1F07E48300498CFE /* ESAsset.m */; };
		0490BF071F092F9100498CFE /* ESPhotoAuthorizationStatusManager.m in Sources */ = {isa = PBXBuildFile; fileRef = 0490BF031F092EBB00498CFE /* ESPhotoAuthorizationStatusManager.m */; };
		0490BF131F0946C500498CFE /* UIImageView+PHAsset.m in Sources */ = {isa = PBXBuildFile; fileRef = 0490BF121F0946C500498CFE /* UIImageView+PHAsset.m */; };
		0490BF1D1F0946E400498CFE /* ESBottomOptionView.m in Sources */ = {isa = PBXBuildFile; fileRef = 0490BF161F0946E400498CFE /* ESBottomOptionView.m */; };
		0490BF1E1F0946E400498CFE /* ESBottomOptionView.xib in Resources */ = {isa = PBXBuildFile; fileRef = 0490BF171F0946E400498CFE /* ESBottomOptionView.xib */; };
		0490BF1F1F0946E400498CFE /* ESPhotoSelectCollectionViewCell.m in Sources */ = {isa = PBXBuildFile; fileRef = 0490BF191F0946E400498CFE /* ESPhotoSelectCollectionViewCell.m */; };
		0490BF201F0946E400498CFE /* ESPhotoSelectCollectionViewCell.xib in Resources */ = {isa = PBXBuildFile; fileRef = 0490BF1A1F0946E400498CFE /* ESPhotoSelectCollectionViewCell.xib */; };
		0490BF211F0946E400498CFE /* ESPhotoSelectView.m in Sources */ = {isa = PBXBuildFile; fileRef = 0490BF1C1F0946E400498CFE /* ESPhotoSelectView.m */; };
		0490BF251F0946F500498CFE /* photo_def_photoPicker@2x.png in Resources */ = {isa = PBXBuildFile; fileRef = 0490BF231F0946F500498CFE /* photo_def_photoPicker@2x.png */; };
		0490BF261F0946F500498CFE /* photo_sel_photoPicker@2x.png in Resources */ = {isa = PBXBuildFile; fileRef = 0490BF241F0946F500498CFE /* photo_sel_photoPicker@2x.png */; };
		0490BF281F094BD100498CFE /* photo_original_def@2x.png in Resources */ = {isa = PBXBuildFile; fileRef = 0490BF271F094BD100498CFE /* photo_original_def@2x.png */; };
		0490BF2A1F094BDB00498CFE /* photo_original_sel@2x.png in Resources */ = {isa = PBXBuildFile; fileRef = 0490BF291F094BDB00498CFE /* photo_original_sel@2x.png */; };
/* End PBXBuildFile section */

/* Begin PBXFileReference section */
		0490BEBE1F07995E00498CFE /* ESPhotoSelectView.app */ = {isa = PBXFileReference; explicitFileType = wrapper.application; includeInIndex = 0; path = ESPhotoSelectView.app; sourceTree = BUILT_PRODUCTS_DIR; };
		0490BEC21F07995E00498CFE /* main.m */ = {isa = PBXFileReference; lastKnownFileType = sourcecode.c.objc; path = main.m; sourceTree = "<group>"; };
		0490BEC41F07995E00498CFE /* AppDelegate.h */ = {isa = PBXFileReference; lastKnownFileType = sourcecode.c.h; path = AppDelegate.h; sourceTree = "<group>"; };
		0490BEC51F07995E00498CFE /* AppDelegate.m */ = {isa = PBXFileReference; lastKnownFileType = sourcecode.c.objc; path = AppDelegate.m; sourceTree = "<group>"; };
		0490BEC71F07995E00498CFE /* ViewController.h */ = {isa = PBXFileReference; lastKnownFileType = sourcecode.c.h; path = ViewController.h; sourceTree = "<group>"; };
		0490BEC81F07995E00498CFE /* ViewController.m */ = {isa = PBXFileReference; lastKnownFileType = sourcecode.c.objc; path = ViewController.m; sourceTree = "<group>"; };
		0490BECB1F07995E00498CFE /* Base */ = {isa = PBXFileReference; lastKnownFileType = file.storyboard; name = Base; path = Base.lproj/Main.storyboard; sourceTree = "<group>"; };
		0490BECD1F07995E00498CFE /* Assets.xcassets */ = {isa = PBXFileReference; lastKnownFileType = folder.assetcatalog; path = Assets.xcassets; sourceTree = "<group>"; };
		0490BED01F07995E00498CFE /* Base */ = {isa = PBXFileReference; lastKnownFileType = file.storyboard; name = Base; path = Base.lproj/LaunchScreen.storyboard; sourceTree = "<group>"; };
		0490BED21F07995E00498CFE /* Info.plist */ = {isa = PBXFileReference; lastKnownFileType = text.plist.xml; path = Info.plist; sourceTree = "<group>"; };
		0490BEE51F07A21900498CFE /* ESPhotoManager.h */ = {isa = PBXFileReference; fileEncoding = 4; lastKnownFileType = sourcecode.c.h; path = ESPhotoManager.h; sourceTree = "<group>"; };
		0490BEE61F07A21900498CFE /* ESPhotoManager.m */ = {isa = PBXFileReference; fileEncoding = 4; lastKnownFileType = sourcecode.c.objc; path = ESPhotoManager.m; sourceTree = "<group>"; };
		0490BEE91F07A26600498CFE /* ESPHAssetInfoModel.h */ = {isa = PBXFileReference; fileEncoding = 4; lastKnownFileType = sourcecode.c.h; path = ESPHAssetInfoModel.h; sourceTree = "<group>"; };
		0490BEEA1F07A26600498CFE /* ESPHAssetInfoModel.m */ = {isa = PBXFileReference; fileEncoding = 4; lastKnownFileType = sourcecode.c.objc; path = ESPHAssetInfoModel.m; sourceTree = "<group>"; };
		0490BEEF1F07A7E000498CFE /* ESPHAssetImageManager.h */ = {isa = PBXFileReference; fileEncoding = 4; lastKnownFileType = sourcecode.c.h; path = ESPHAssetImageManager.h; sourceTree = "<group>"; };
		0490BEF01F07A7E000498CFE /* ESPHAssetImageManager.m */ = {isa = PBXFileReference; fileEncoding = 4; lastKnownFileType = sourcecode.c.objc; path = ESPHAssetImageManager.m; sourceTree = "<group>"; };
		0490BEF21F07A91200498CFE /* UIImageViewPHAssetModel.h */ = {isa = PBXFileReference; fileEncoding = 4; lastKnownFileType = sourcecode.c.h; path = UIImageViewPHAssetModel.h; sourceTree = "<group>"; };
		0490BEF31F07A91200498CFE /* UIImageViewPHAssetModel.m */ = {isa = PBXFileReference; fileEncoding = 4; lastKnownFileType = sourcecode.c.objc; path = UIImageViewPHAssetModel.m; sourceTree = "<group>"; };
		0490BEFA1F07E48300498CFE /* ESAsset.h */ = {isa = PBXFileReference; fileEncoding = 4; lastKnownFileType = sourcecode.c.h; path = ESAsset.h; sourceTree = "<group>"; };
		0490BEFB1F07E48300498CFE /* ESAsset.m */ = {isa = PBXFileReference; fileEncoding = 4; lastKnownFileType = sourcecode.c.objc; path = ESAsset.m; sourceTree = "<group>"; };
		0490BF021F092EBB00498CFE /* ESPhotoAuthorizationStatusManager.h */ = {isa = PBXFileReference; fileEncoding = 4; lastKnownFileType = sourcecode.c.h; path = ESPhotoAuthorizationStatusManager.h; sourceTree = "<group>"; };
		0490BF031F092EBB00498CFE /* ESPhotoAuthorizationStatusManager.m */ = {isa = PBXFileReference; fileEncoding = 4; lastKnownFileType = sourcecode.c.objc; path = ESPhotoAuthorizationStatusManager.m; sourceTree = "<group>"; };
		0490BF111F0946C500498CFE /* UIImageView+PHAsset.h */ = {isa = PBXFileReference; fileEncoding = 4; lastKnownFileType = sourcecode.c.h; path = "UIImageView+PHAsset.h"; sourceTree = "<group>"; };
		0490BF121F0946C500498CFE /* UIImageView+PHAsset.m */ = {isa = PBXFileReference; fileEncoding = 4; lastKnownFileType = sourcecode.c.objc; path = "UIImageView+PHAsset.m"; sourceTree = "<group>"; };
		0490BF151F0946E400498CFE /* ESBottomOptionView.h */ = {isa = PBXFileReference; fileEncoding = 4; lastKnownFileType = sourcecode.c.h; path = ESBottomOptionView.h; sourceTree = "<group>"; };
		0490BF161F0946E400498CFE /* ESBottomOptionView.m */ = {isa = PBXFileReference; fileEncoding = 4; lastKnownFileType = sourcecode.c.objc; path = ESBottomOptionView.m; sourceTree = "<group>"; };
		0490BF171F0946E400498CFE /* ESBottomOptionView.xib */ = {isa = PBXFileReference; fileEncoding = 4; lastKnownFileType = file.xib; path = ESBottomOptionView.xib; sourceTree = "<group>"; };
		0490BF181F0946E400498CFE /* ESPhotoSelectCollectionViewCell.h */ = {isa = PBXFileReference; fileEncoding = 4; lastKnownFileType = sourcecode.c.h; path = ESPhotoSelectCollectionViewCell.h; sourceTree = "<group>"; };
		0490BF191F0946E400498CFE /* ESPhotoSelectCollectionViewCell.m */ = {isa = PBXFileReference; fileEncoding = 4; lastKnownFileType = sourcecode.c.objc; path = ESPhotoSelectCollectionViewCell.m; sourceTree = "<group>"; };
		0490BF1A1F0946E400498CFE /* ESPhotoSelectCollectionViewCell.xib */ = {isa = PBXFileReference; fileEncoding = 4; lastKnownFileType = file.xib; path = ESPhotoSelectCollectionViewCell.xib; sourceTree = "<group>"; };
		0490BF1B1F0946E400498CFE /* ESPhotoSelectView.h */ = {isa = PBXFileReference; fileEncoding = 4; lastKnownFileType = sourcecode.c.h; path = ESPhotoSelectView.h; sourceTree = "<group>"; };
		0490BF1C1F0946E400498CFE /* ESPhotoSelectView.m */ = {isa = PBXFileReference; fileEncoding = 4; lastKnownFileType = sourcecode.c.objc; path = ESPhotoSelectView.m; sourceTree = "<group>"; };
		0490BF231F0946F500498CFE /* photo_def_photoPicker@2x.png */ = {isa = PBXFileReference; lastKnownFileType = image.png; path = "photo_def_photoPicker@2x.png"; sourceTree = "<group>"; };
		0490BF241F0946F500498CFE /* photo_sel_photoPicker@2x.png */ = {isa = PBXFileReference; lastKnownFileType = image.png; path = "photo_sel_photoPicker@2x.png"; sourceTree = "<group>"; };
		0490BF271F094BD100498CFE /* photo_original_def@2x.png */ = {isa = PBXFileReference; lastKnownFileType = image.png; path = "photo_original_def@2x.png"; sourceTree = "<group>"; };
		0490BF291F094BDB00498CFE /* photo_original_sel@2x.png */ = {isa = PBXFileReference; lastKnownFileType = image.png; path = "photo_original_sel@2x.png"; sourceTree = "<group>"; };
/* End PBXFileReference section */

/* Begin PBXFrameworksBuildPhase section */
		0490BEBB1F07995E00498CFE /* Frameworks */ = {
			isa = PBXFrameworksBuildPhase;
			buildActionMask = 2147483647;
			files = (
			);
			runOnlyForDeploymentPostprocessing = 0;
		};
/* End PBXFrameworksBuildPhase section */

/* Begin PBXGroup section */
		0490BEB51F07995E00498CFE = {
			isa = PBXGroup;
			children = (
				0490BEC01F07995E00498CFE /* ESPhotoSelectView */,
				0490BEBF1F07995E00498CFE /* Products */,
			);
			sourceTree = "<group>";
		};
		0490BEBF1F07995E00498CFE /* Products */ = {
			isa = PBXGroup;
			children = (
				0490BEBE1F07995E00498CFE /* ESPhotoSelectView.app */,
			);
			name = Products;
			sourceTree = "<group>";
		};
		0490BEC01F07995E00498CFE /* ESPhotoSelectView */ = {
			isa = PBXGroup;
			children = (
				0490BED81F079B3E00498CFE /* ESPhotoSelectView */,
				0490BEC41F07995E00498CFE /* AppDelegate.h */,
				0490BEC51F07995E00498CFE /* AppDelegate.m */,
				0490BEC71F07995E00498CFE /* ViewController.h */,
				0490BEC81F07995E00498CFE /* ViewController.m */,
				0490BECA1F07995E00498CFE /* Main.storyboard */,
				0490BECD1F07995E00498CFE /* Assets.xcassets */,
				0490BECF1F07995E00498CFE /* LaunchScreen.storyboard */,
				0490BED21F07995E00498CFE /* Info.plist */,
				0490BEC11F07995E00498CFE /* Supporting Files */,
			);
			path = ESPhotoSelectView;
			sourceTree = "<group>";
		};
		0490BEC11F07995E00498CFE /* Supporting Files */ = {
			isa = PBXGroup;
			children = (
				0490BEC21F07995E00498CFE /* main.m */,
			);
			name = "Supporting Files";
			sourceTree = "<group>";
		};
		0490BED81F079B3E00498CFE /* ESPhotoSelectView */ = {
			isa = PBXGroup;
			children = (
				0490BF221F0946F500498CFE /* Source */,
				0490BF141F0946E400498CFE /* View */,
				0490BF101F0946C500498CFE /* Category */,
				0490BEE81F07A23400498CFE /* Model */,
				0490BEE41F07A20200498CFE /* Manager */,
			);
			path = ESPhotoSelectView;
			sourceTree = "<group>";
		};
		0490BEE41F07A20200498CFE /* Manager */ = {
			isa = PBXGroup;
			children = (
				0490BF021F092EBB00498CFE /* ESPhotoAuthorizationStatusManager.h */,
				0490BF031F092EBB00498CFE /* ESPhotoAuthorizationStatusManager.m */,
				0490BEE51F07A21900498CFE /* ESPhotoManager.h */,
				0490BEE61F07A21900498CFE /* ESPhotoManager.m */,
				0490BEEF1F07A7E000498CFE /* ESPHAssetImageManager.h */,
				0490BEF01F07A7E000498CFE /* ESPHAssetImageManager.m */,
			);
			path = Manager;
			sourceTree = "<group>";
		};
		0490BEE81F07A23400498CFE /* Model */ = {
			isa = PBXGroup;
			children = (
				0490BEF21F07A91200498CFE /* UIImageViewPHAssetModel.h */,
				0490BEF31F07A91200498CFE /* UIImageViewPHAssetModel.m */,
				0490BEE91F07A26600498CFE /* ESPHAssetInfoModel.h */,
				0490BEEA1F07A26600498CFE /* ESPHAssetInfoModel.m */,
				0490BEFA1F07E48300498CFE /* ESAsset.h */,
				0490BEFB1F07E48300498CFE /* ESAsset.m */,
			);
			path = Model;
			sourceTree = "<group>";
		};
		0490BF101F0946C500498CFE /* Category */ = {
			isa = PBXGroup;
			children = (
				0490BF111F0946C500498CFE /* UIImageView+PHAsset.h */,
				0490BF121F0946C500498CFE /* UIImageView+PHAsset.m */,
			);
			path = Category;
			sourceTree = "<group>";
		};
		0490BF141F0946E400498CFE /* View */ = {
			isa = PBXGroup;
			children = (
				0490BF1B1F0946E400498CFE /* ESPhotoSelectView.h */,
				0490BF1C1F0946E400498CFE /* ESPhotoSelectView.m */,
				0490BF151F0946E400498CFE /* ESBottomOptionView.h */,
				0490BF161F0946E400498CFE /* ESBottomOptionView.m */,
				0490BF171F0946E400498CFE /* ESBottomOptionView.xib */,
				0490BF181F0946E400498CFE /* ESPhotoSelectCollectionViewCell.h */,
				0490BF191F0946E400498CFE /* ESPhotoSelectCollectionViewCell.m */,
				0490BF1A1F0946E400498CFE /* ESPhotoSelectCollectionViewCell.xib */,
			);
			path = View;
			sourceTree = "<group>";
		};
		0490BF221F0946F500498CFE /* Source */ = {
			isa = PBXGroup;
			children = (
				0490BF231F0946F500498CFE /* photo_def_photoPicker@2x.png */,
				0490BF241F0946F500498CFE /* photo_sel_photoPicker@2x.png */,
				0490BF271F094BD100498CFE /* photo_original_def@2x.png */,
				0490BF291F094BDB00498CFE /* photo_original_sel@2x.png */,
			);
			path = Source;
			sourceTree = "<group>";
		};
/* End PBXGroup section */

/* Begin PBXNativeTarget section */
		0490BEBD1F07995E00498CFE /* ESPhotoSelectView */ = {
			isa = PBXNativeTarget;
			buildConfigurationList = 0490BED51F07995E00498CFE /* Build configuration list for PBXNativeTarget "ESPhotoSelectView" */;
			buildPhases = (
				0490BEBA1F07995E00498CFE /* Sources */,
				0490BEBB1F07995E00498CFE /* Frameworks */,
				0490BEBC1F07995E00498CFE /* Resources */,
			);
			buildRules = (
			);
			dependencies = (
			);
			name = ESPhotoSelectView;
			productName = ESPhotoSelectView;
			productReference = 0490BEBE1F07995E00498CFE /* ESPhotoSelectView.app */;
			productType = "com.apple.product-type.application";
		};
/* End PBXNativeTarget section */

/* Begin PBXProject section */
		0490BEB61F07995E00498CFE /* Project object */ = {
			isa = PBXProject;
			attributes = {
				LastUpgradeCheck = 0830;
				ORGANIZATIONNAME = XMSECODE;
				TargetAttributes = {
					0490BEBD1F07995E00498CFE = {
						CreatedOnToolsVersion = 8.3.3;
						DevelopmentTeam = 592AQVU6H7;
						ProvisioningStyle = Automatic;
					};
				};
			};
			buildConfigurationList = 0490BEB91F07995E00498CFE /* Build configuration list for PBXProject "ESPhotoSelectView" */;
			compatibilityVersion = "Xcode 3.2";
			developmentRegion = English;
			hasScannedForEncodings = 0;
			knownRegions = (
				en,
				Base,
			);
			mainGroup = 0490BEB51F07995E00498CFE;
			productRefGroup = 0490BEBF1F07995E00498CFE /* Products */;
			projectDirPath = "";
			projectRoot = "";
			targets = (
				0490BEBD1F07995E00498CFE /* ESPhotoSelectView */,
			);
		};
/* End PBXProject section */

/* Begin PBXResourcesBuildPhase section */
		0490BEBC1F07995E00498CFE /* Resources */ = {
			isa = PBXResourcesBuildPhase;
			buildActionMask = 2147483647;
			files = (
				0490BF1E1F0946E400498CFE /* ESBottomOptionView.xib in Resources */,
				0490BED11F07995E00498CFE /* LaunchScreen.storyboard in Resources */,
				0490BF281F094BD100498CFE /* photo_original_def@2x.png in Resources */,
				0490BF251F0946F500498CFE /* photo_def_photoPicker@2x.png in Resources */,
				0490BF201F0946E400498CFE /* ESPhotoSelectCollectionViewCell.xib in Resources */,
				0490BECE1F07995E00498CFE /* Assets.xcassets in Resources */,
				0490BECC1F07995E00498CFE /* Main.storyboard in Resources */,
				0490BF2A1F094BDB00498CFE /* photo_original_sel@2x.png in Resources */,
				0490BF261F0946F500498CFE /* photo_sel_photoPicker@2x.png in Resources */,
			);
			runOnlyForDeploymentPostprocessing = 0;
		};
/* End PBXResourcesBuildPhase section */

/* Begin PBXSourcesBuildPhase section */
		0490BEBA1F07995E00498CFE /* Sources */ = {
			isa = PBXSourcesBuildPhase;
			buildActionMask = 2147483647;
			files = (
				0490BF071F092F9100498CFE /* ESPhotoAuthorizationStatusManager.m in Sources */,
				0490BEF41F07A91200498CFE /* UIImageViewPHAssetModel.m in Sources */,
				0490BEE71F07A21900498CFE /* ESPhotoManager.m in Sources */,
				0490BEFC1F07E48300498CFE /* ESAsset.m in Sources */,
				0490BEC91F07995E00498CFE /* ViewController.m in Sources */,
				0490BEF11F07A7E000498CFE /* ESPHAssetImageManager.m in Sources */,
				0490BEEB1F07A26600498CFE /* ESPHAssetInfoModel.m in Sources */,
				0490BEC61F07995E00498CFE /* AppDelegate.m in Sources */,
				0490BEC31F07995E00498CFE /* main.m in Sources */,
				0490BF211F0946E400498CFE /* ESPhotoSelectView.m in Sources */,
				0490BF131F0946C500498CFE /* UIImageView+PHAsset.m in Sources */,
				0490BF1D1F0946E400498CFE /* ESBottomOptionView.m in Sources */,
				0490BF1F1F0946E400498CFE /* ESPhotoSelectCollectionViewCell.m in Sources */,
			);
			runOnlyForDeploymentPostprocessing = 0;
		};
/* End PBXSourcesBuildPhase section */

/* Begin PBXVariantGroup section */
		0490BECA1F07995E00498CFE /* Main.storyboard */ = {
			isa = PBXVariantGroup;
			children = (
				0490BECB1F07995E00498CFE /* Base */,
			);
			name = Main.storyboard;
			sourceTree = "<group>";
		};
		0490BECF1F07995E00498CFE /* LaunchScreen.storyboard */ = {
			isa = PBXVariantGroup;
			children = (
				0490BED01F07995E00498CFE /* Base */,
			);
			name = LaunchScreen.storyboard;
			sourceTree = "<group>";
		};
/* End PBXVariantGroup section */

/* Begin XCBuildConfiguration section */
		0490BED31F07995E00498CFE /* Debug */ = {
			isa = XCBuildConfiguration;
			buildSettings = {
				ALWAYS_SEARCH_USER_PATHS = NO;
				CLANG_ANALYZER_NONNULL = YES;
				CLANG_ANALYZER_NUMBER_OBJECT_CONVERSION = YES_AGGRESSIVE;
				CLANG_CXX_LANGUAGE_STANDARD = "gnu++0x";
				CLANG_CXX_LIBRARY = "libc++";
				CLANG_ENABLE_MODULES = YES;
				CLANG_ENABLE_OBJC_ARC = YES;
				CLANG_WARN_BOOL_CONVERSION = YES;
				CLANG_WARN_CONSTANT_CONVERSION = YES;
				CLANG_WARN_DIRECT_OBJC_ISA_USAGE = YES_ERROR;
				CLANG_WARN_DOCUMENTATION_COMMENTS = YES;
				CLANG_WARN_EMPTY_BODY = YES;
				CLANG_WARN_ENUM_CONVERSION = YES;
				CLANG_WARN_INFINITE_RECURSION = YES;
				CLANG_WARN_INT_CONVERSION = YES;
				CLANG_WARN_OBJC_ROOT_CLASS = YES_ERROR;
				CLANG_WARN_SUSPICIOUS_MOVE = YES;
				CLANG_WARN_UNREACHABLE_CODE = YES;
				CLANG_WARN__DUPLICATE_METHOD_MATCH = YES;
				"CODE_SIGN_IDENTITY[sdk=iphoneos*]" = "iPhone Developer";
				COPY_PHASE_STRIP = NO;
				DEBUG_INFORMATION_FORMAT = dwarf;
				ENABLE_STRICT_OBJC_MSGSEND = YES;
				ENABLE_TESTABILITY = YES;
				GCC_C_LANGUAGE_STANDARD = gnu99;
				GCC_DYNAMIC_NO_PIC = NO;
				GCC_NO_COMMON_BLOCKS = YES;
				GCC_OPTIMIZATION_LEVEL = 0;
				GCC_PREPROCESSOR_DEFINITIONS = (
					"DEBUG=1",
					"$(inherited)",
				);
				GCC_WARN_64_TO_32_BIT_CONVERSION = YES;
				GCC_WARN_ABOUT_RETURN_TYPE = YES_ERROR;
				GCC_WARN_UNDECLARED_SELECTOR = YES;
				GCC_WARN_UNINITIALIZED_AUTOS = YES_AGGRESSIVE;
				GCC_WARN_UNUSED_FUNCTION = YES;
				GCC_WARN_UNUSED_VARIABLE = YES;
				IPHONEOS_DEPLOYMENT_TARGET = 10.3;
				MTL_ENABLE_DEBUG_INFO = YES;
				ONLY_ACTIVE_ARCH = YES;
				SDKROOT = iphoneos;
				TARGETED_DEVICE_FAMILY = "1,2";
			};
			name = Debug;
		};
		0490BED41F07995E00498CFE /* Release */ = {
			isa = XCBuildConfiguration;
			buildSettings = {
				ALWAYS_SEARCH_USER_PATHS = NO;
				CLANG_ANALYZER_NONNULL = YES;
				CLANG_ANALYZER_NUMBER_OBJECT_CONVERSION = YES_AGGRESSIVE;
				CLANG_CXX_LANGUAGE_STANDARD = "gnu++0x";
				CLANG_CXX_LIBRARY = "libc++";
				CLANG_ENABLE_MODULES = YES;
				CLANG_ENABLE_OBJC_ARC = YES;
				CLANG_WARN_BOOL_CONVERSION = YES;
				CLANG_WARN_CONSTANT_CONVERSION = YES;
				CLANG_WARN_DIRECT_OBJC_ISA_USAGE = YES_ERROR;
				CLANG_WARN_DOCUMENTATION_COMMENTS = YES;
				CLANG_WARN_EMPTY_BODY = YES;
				CLANG_WARN_ENUM_CONVERSION = YES;
				CLANG_WARN_INFINITE_RECURSION = YES;
				CLANG_WARN_INT_CONVERSION = YES;
				CLANG_WARN_OBJC_ROOT_CLASS = YES_ERROR;
				CLANG_WARN_SUSPICIOUS_MOVE = YES;
				CLANG_WARN_UNREACHABLE_CODE = YES;
				CLANG_WARN__DUPLICATE_METHOD_MATCH = YES;
				"CODE_SIGN_IDENTITY[sdk=iphoneos*]" = "iPhone Developer";
				COPY_PHASE_STRIP = NO;
				DEBUG_INFORMATION_FORMAT = "dwarf-with-dsym";
				ENABLE_NS_ASSERTIONS = NO;
				ENABLE_STRICT_OBJC_MSGSEND = YES;
				GCC_C_LANGUAGE_STANDARD = gnu99;
				GCC_NO_COMMON_BLOCKS = YES;
				GCC_WARN_64_TO_32_BIT_CONVERSION = YES;
				GCC_WARN_ABOUT_RETURN_TYPE = YES_ERROR;
				GCC_WARN_UNDECLARED_SELECTOR = YES;
				GCC_WARN_UNINITIALIZED_AUTOS = YES_AGGRESSIVE;
				GCC_WARN_UNUSED_FUNCTION = YES;
				GCC_WARN_UNUSED_VARIABLE = YES;
				IPHONEOS_DEPLOYMENT_TARGET = 10.3;
				MTL_ENABLE_DEBUG_INFO = NO;
				SDKROOT = iphoneos;
				TARGETED_DEVICE_FAMILY = "1,2";
				VALIDATE_PRODUCT = YES;
			};
			name = Release;
		};
		0490BED61F07995E00498CFE /* Debug */ = {
			isa = XCBuildConfiguration;
			buildSettings = {
				ASSETCATALOG_COMPILER_APPICON_NAME = AppIcon;
				DEVELOPMENT_TEAM = 592AQVU6H7;
				INFOPLIST_FILE = ESPhotoSelectView/Info.plist;
				LD_RUNPATH_SEARCH_PATHS = "$(inherited) @executable_path/Frameworks";
				PRODUCT_BUNDLE_IDENTIFIER = com.github.XMSECODE.ESPhotoSelectView;
				PRODUCT_NAME = "$(TARGET_NAME)";
			};
			name = Debug;
		};
		0490BED71F07995E00498CFE /* Release */ = {
			isa = XCBuildConfiguration;
			buildSettings = {
				ASSETCATALOG_COMPILER_APPICON_NAME = AppIcon;
				DEVELOPMENT_TEAM = 592AQVU6H7;
				INFOPLIST_FILE = ESPhotoSelectView/Info.plist;
				LD_RUNPATH_SEARCH_PATHS = "$(inherited) @executable_path/Frameworks";
				PRODUCT_BUNDLE_IDENTIFIER = com.github.XMSECODE.ESPhotoSelectView;
				PRODUCT_NAME = "$(TARGET_NAME)";
			};
			name = Release;
		};
/* End XCBuildConfiguration section */

/* Begin XCConfigurationList section */
		0490BEB91F07995E00498CFE /* Build configuration list for PBXProject "ESPhotoSelectView" */ = {
			isa = XCConfigurationList;
			buildConfigurations = (
				0490BED31F07995E00498CFE /* Debug */,
				0490BED41F07995E00498CFE /* Release */,
			);
			defaultConfigurationIsVisible = 0;
			defaultConfigurationName = Release;
		};
		0490BED51F07995E00498CFE /* Build configuration list for PBXNativeTarget "ESPhotoSelectView" */ = {
			isa = XCConfigurationList;
			buildConfigurations = (
				0490BED61F07995E00498CFE /* Debug */,
				0490BED71F07995E00498CFE /* Release */,
			);
			defaultConfigurationIsVisible = 0;
			defaultConfigurationName = Release;
		};
/* End XCConfigurationList section */
	};
	rootObject = 0490BEB61F07995E00498CFE /* Project object */;
}
